
Microsoft Visual Studio Solution File, Format Version 12.00
# Visual Studio Version 16
VisualStudioVersion = 16.0.808.4
MinimumVisualStudioVersion = 10.0.40219.1
Project("{FAE04EC0-301F-11D3-BF4B-00C04F79EFBC}") = "_001_HelloWorld", "001_HelloWorld\_001_HelloWorld.csproj", "{BD48781C-21A0-43A9-B9D1-9DC70C7E996F}"
EndProject
Project("{FAE04EC0-301F-11D3-BF4B-00C04F79EFBC}") = "_002_HelloWorld2", "_002_HelloWorld2\_002_HelloWorld2.csproj", "{2DF57BA4-45B8-4FC0-9B70-CA1292917633}"
EndProject
Project("{FAE04EC0-301F-11D3-BF4B-00C04F79EFBC}") = "_003_HelloWorld3", "_003_HelloWorld3\_003_HelloWorld3.csproj", "{17D08406-413D-4718-A51A-F9B8730CA22A}"
EndProject
Project("{FAE04EC0-301F-11D3-BF4B-00C04F79EFBC}") = "_004_Check", "_004_Check\_004_Check.csproj", "{FC6BF72A-EFB0-442E-AFA5-5B6921A618D1}"
EndProject
Project("{FAE04EC0-301F-11D3-BF4B-00C04F79EFBC}") = "_005_Check", "_005_Check\_005_Check.csproj", "{6F2ADBCD-AE6B-4667-8954-FCC2A294814C}"
EndProject
Project("{FAE04EC0-301F-11D3-BF4B-00C04F79EFBC}") = "_006_Variables", "_006_Variables\_006_Variables.csproj", "{A1037B91-BD2B-4A7C-895B-F7D98414E3B6}"
EndProject
Project("{FAE04EC0-301F-11D3-BF4B-00C04F79EFBC}") = "_007_Variables", "_007_Variables\_007_Variables.csproj", "{33996FA1-6A53-46B1-899E-9DE07800612B}"
EndProject
Global
	GlobalSection(SolutionConfigurationPlatforms) = preSolution
		Debug|anycpu = Debug|anycpu
		Release|anycpu = Release|anycpu
	EndGlobalSection
	GlobalSection(ProjectConfigurationPlatforms) = postSolution
		{BD48781C-21A0-43A9-B9D1-9DC70C7E996F}.Debug|anycpu.ActiveCfg = Debug|anycpu
		{BD48781C-21A0-43A9-B9D1-9DC70C7E996F}.Debug|anycpu.Build.0 = Debug|anycpu
		{BD48781C-21A0-43A9-B9D1-9DC70C7E996F}.Release|anycpu.ActiveCfg = Release|anycpu
		{BD48781C-21A0-43A9-B9D1-9DC70C7E996F}.Release|anycpu.Build.0 = Release|anycpu
		{2DF57BA4-45B8-4FC0-9B70-CA1292917633}.Debug|anycpu.ActiveCfg = Debug|anycpu
		{2DF57BA4-45B8-4FC0-9B70-CA1292917633}.Debug|anycpu.Build.0 = Debug|anycpu
		{2DF57BA4-45B8-4FC0-9B70-CA1292917633}.Release|anycpu.ActiveCfg = Release|anycpu
		{2DF57BA4-45B8-4FC0-9B70-CA1292917633}.Release|anycpu.Build.0 = Release|anycpu
		{17D08406-413D-4718-A51A-F9B8730CA22A}.Debug|anycpu.ActiveCfg = Debug|anycpu
		{17D08406-413D-4718-A51A-F9B8730CA22A}.Debug|anycpu.Build.0 = Debug|anycpu
		{17D08406-413D-4718-A51A-F9B8730CA22A}.Release|anycpu.ActiveCfg = Release|anycpu
		{17D08406-413D-4718-A51A-F9B8730CA22A}.Release|anycpu.Build.0 = Release|anycpu
		{FC6BF72A-EFB0-442E-AFA5-5B6921A618D1}.Debug|anycpu.ActiveCfg = Debug|anycpu
		{FC6BF72A-EFB0-442E-AFA5-5B6921A618D1}.Debug|anycpu.Build.0 = Debug|anycpu
		{FC6BF72A-EFB0-442E-AFA5-5B6921A618D1}.Release|anycpu.ActiveCfg = Release|anycpu
		{FC6BF72A-EFB0-442E-AFA5-5B6921A618D1}.Release|anycpu.Build.0 = Release|anycpu
		{6F2ADBCD-AE6B-4667-8954-FCC2A294814C}.Debug|anycpu.ActiveCfg = Debug|anycpu
		{6F2ADBCD-AE6B-4667-8954-FCC2A294814C}.Debug|anycpu.Build.0 = Debug|anycpu
		{6F2ADBCD-AE6B-4667-8954-FCC2A294814C}.Release|anycpu.ActiveCfg = Release|anycpu
		{6F2ADBCD-AE6B-4667-8954-FCC2A294814C}.Release|anycpu.Build.0 = Release|anycpu
		{A1037B91-BD2B-4A7C-895B-F7D98414E3B6}.Debug|anycpu.ActiveCfg = Debug|anycpu
		{A1037B91-BD2B-4A7C-895B-F7D98414E3B6}.Debug|anycpu.Build.0 = Debug|anycpu
		{A1037B91-BD2B-4A7C-895B-F7D98414E3B6}.Release|anycpu.ActiveCfg = Release|anycpu
		{A1037B91-BD2B-4A7C-895B-F7D98414E3B6}.Release|anycpu.Build.0 = Release|anycpu
		{33996FA1-6A53-46B1-899E-9DE07800612B}.Debug|anycpu.ActiveCfg = Debug|anycpu
		{33996FA1-6A53-46B1-899E-9DE07800612B}.Debug|anycpu.Build.0 = Debug|anycpu
		{33996FA1-6A53-46B1-899E-9DE07800612B}.Release|anycpu.ActiveCfg = Release|anycpu
		{33996FA1-6A53-46B1-899E-9DE07800612B}.Release|anycpu.Build.0 = Release|anycpu
	EndGlobalSection
	GlobalSection(SolutionProperties) = preSolution
		HideSolutionNode = FALSE
	EndGlobalSection
	GlobalSection(ExtensibilityGlobals) = postSolution
		SolutionGuid = {0197918A-BED5-4490-BC90-BD3EBEF63DF9}
	EndGlobalSection
EndGlobal
