
Microsoft Visual Studio Solution File, Format Version 12.00
# Visual Studio Version 16
VisualStudioVersion = 16.0.808.4
MinimumVisualStudioVersion = 10.0.40219.1
Project("{FAE04EC0-301F-11D3-BF4B-00C04F79EFBC}") = "_001_HelloWorld", "001_HelloWorld\_001_HelloWorld.csproj", "{BD48781C-21A0-43A9-B9D1-9DC70C7E996F}"
EndProject
Project("{FAE04EC0-301F-11D3-BF4B-00C04F79EFBC}") = "_002_HelloWorld2", "_002_HelloWorld2\_002_HelloWorld2.csproj", "{2DF57BA4-45B8-4FC0-9B70-CA1292917633}"
EndProject
Project("{FAE04EC0-301F-11D3-BF4B-00C04F79EFBC}") = "_003_HelloWorld3", "_003_HelloWorld3\_003_HelloWorld3.csproj", "{17D08406-413D-4718-A51A-F9B8730CA22A}"
EndProject
Project("{FAE04EC0-301F-11D3-BF4B-00C04F79EFBC}") = "_004_Check", "_004_Check\_004_Check.csproj", "{FC6BF72A-EFB0-442E-AFA5-5B6921A618D1}"
EndProject
Project("{FAE04EC0-301F-11D3-BF4B-00C04F79EFBC}") = "_005_Check", "_005_Check\_005_Check.csproj", "{6F2ADBCD-AE6B-4667-8954-FCC2A294814C}"
EndProject
Project("{FAE04EC0-301F-11D3-BF4B-00C04F79EFBC}") = "_006_Variables", "_006_Variables\_006_Variables.csproj", "{A1037B91-BD2B-4A7C-895B-F7D98414E3B6}"
EndProject
Project("{FAE04EC0-301F-11D3-BF4B-00C04F79EFBC}") = "_007_Variables", "_007_Variables\_007_Variables.csproj", "{33996FA1-6A53-46B1-899E-9DE07800612B}"
EndProject
Project("{FAE04EC0-301F-11D3-BF4B-00C04F79EFBC}") = "_019_Data_enum", "_019_Data_enum\_019_Data_enum.csproj", "{07AA0A45-C7EE-4BC3-837A-E13C6AD919E8}"
EndProject
Project("{FAE04EC0-301F-11D3-BF4B-00C04F79EFBC}") = "_020_Data_enum2", "_020_Data_enum2\_020_Data_enum2.csproj", "{1D5E4BEA-EBA4-45DE-AFFC-EB1DA008540B}"
EndProject
Project("{FAE04EC0-301F-11D3-BF4B-00C04F79EFBC}") = "_021_Data_nullable", "_021_Data_nullable\_021_Data_nullable.csproj", "{90A6DE2E-83DE-41C0-8D0E-D1EB7D7A76A3}"
EndProject
Project("{FAE04EC0-301F-11D3-BF4B-00C04F79EFBC}") = "_022_Data_var", "_022_Data_var\_022_Data_var.csproj", "{F7E4D704-E0BE-46B0-B151-C5DCD82BCC6C}"
EndProject
Project("{FAE04EC0-301F-11D3-BF4B-00C04F79EFBC}") = "_023_Data_const", "_023_Data_const\_023_Data_const.csproj", "{989159E6-9570-49AB-B161-7A70EAE06A08}"
EndProject
Project("{FAE04EC0-301F-11D3-BF4B-00C04F79EFBC}") = "_024_Data_cast", "_024_Data_cast\_024_Data_cast.csproj", "{7CD72C52-2E5E-40FD-B8BE-834167D23353}"
EndProject
Project("{FAE04EC0-301F-11D3-BF4B-00C04F79EFBC}") = "_025_Data_ToString", "_025_Data_ToString\_025_Data_ToString.csproj", "{8E3DE24E-CBEF-4C0A-9936-62255C86C3FC}"
EndProject
Project("{FAE04EC0-301F-11D3-BF4B-00C04F79EFBC}") = "_026_Data_parse", "_026_Data_parse\_026_Data_parse.csproj", "{AD570054-224E-4DBF-B082-6BF3647FF700}"
EndProject
Project("{FAE04EC0-301F-11D3-BF4B-00C04F79EFBC}") = "_027_Data_Convert", "_027_Data_Convert\_027_Data_Convert.csproj", "{3B7BA7F0-F0A1-49D6-87E3-A50DAE30703A}"
EndProject
Project("{FAE04EC0-301F-11D3-BF4B-00C04F79EFBC}") = "_028_Data_Reference", "_028_Data_Reference\_028_Data_Reference.csproj", "{8B6F7444-8C26-45A3-BB98-A8F176F2B984}"
EndProject
Project("{FAE04EC0-301F-11D3-BF4B-00C04F79EFBC}") = "_030_ReadLine", "_030_ReadLine\_030_ReadLine.csproj", "{3F66A48A-BA21-4342-8B53-A2280CCBDF3F}"
EndProject
Project("{FAE04EC0-301F-11D3-BF4B-00C04F79EFBC}") = "_032_Check", "_032_Check\_032_Check.csproj", "{E41E0204-D9D2-4183-829A-990D20C6E924}"
EndProject
Project("{FAE04EC0-301F-11D3-BF4B-00C04F79EFBC}") = "_033_Check", "_033_Check\_033_Check.csproj", "{D4306E09-29C0-433C-BF29-FAFD5BAA3640}"
EndProject
Project("{FAE04EC0-301F-11D3-BF4B-00C04F79EFBC}") = "_038_operater5", "_038_operater5\_038_operater5.csproj", "{E832B966-69DE-49A2-8323-F46B18453EA7}"
EndProject
Project("{FAE04EC0-301F-11D3-BF4B-00C04F79EFBC}") = "_039_Operator6", "_039_Operator6\_039_Operator6.csproj", "{A7702666-7D2B-4C66-84E6-9F91E80F882B}"
EndProject
Project("{FAE04EC0-301F-11D3-BF4B-00C04F79EFBC}") = "_045_operator_switch", "_045_operator_switch\_045_operator_switch.csproj", "{7A6B0EDD-3FAA-448E-8D3D-B7DDB3AF5377}"
EndProject
Project("{FAE04EC0-301F-11D3-BF4B-00C04F79EFBC}") = "_046_operator_switch2", "_046_operator_switch2\_046_operator_switch2.csproj", "{1F065B12-32C2-4A49-A130-D21DB7A3801B}"
EndProject
Project("{FAE04EC0-301F-11D3-BF4B-00C04F79EFBC}") = "_047_operator_while", "_047_operator_while\_047_operator_while.csproj", "{5EAC2E62-A524-4A07-B8F5-6748202B49A2}"
EndProject
Project("{FAE04EC0-301F-11D3-BF4B-00C04F79EFBC}") = "_048_Random", "_048_Random\_048_Random.csproj", "{EFAD8B30-8703-48F1-85D3-28BACBBBEC47}"
EndProject
Project("{FAE04EC0-301F-11D3-BF4B-00C04F79EFBC}") = "_055_Check", "_055_Check\_055_Check.csproj", "{A66385FE-0C59-4389-A4A5-C65E273DF4D7}"
EndProject
Project("{FAE04EC0-301F-11D3-BF4B-00C04F79EFBC}") = "_056_Check", "_056_Check\_056_Check.csproj", "{98A8B056-FF78-419E-AB19-9D96568338E9}"
EndProject
Project("{FAE04EC0-301F-11D3-BF4B-00C04F79EFBC}") = "_057_Check", "_057_Check\_057_Check.csproj", "{DEA7C1DC-FAC1-43BF-858F-A3E9A353B8FA}"
EndProject
Project("{FAE04EC0-301F-11D3-BF4B-00C04F79EFBC}") = "CheckPoint01", "CheckPoint01\CheckPoint01.csproj", "{7DB9C766-CD88-40F8-B7EE-B0F65730CAAE}"
EndProject
Project("{FAE04EC0-301F-11D3-BF4B-00C04F79EFBC}") = "_058_Func", "_058_Func\_058_Func.csproj", "{598E9098-2471-4D1A-A708-4C306C024091}"
EndProject
Project("{FAE04EC0-301F-11D3-BF4B-00C04F79EFBC}") = "_062_Func_Swap", "_062_Func_Swap\_062_Func_Swap.csproj", "{28AEE589-886D-45FF-9FE9-FB58D2516560}"
EndProject
Project("{FAE04EC0-301F-11D3-BF4B-00C04F79EFBC}") = "_063_Func_Out", "_063_Func_Out\_063_Func_Out.csproj", "{00E56D76-DFD9-4A53-A9DF-1181909D6605}"
EndProject
Project("{FAE04EC0-301F-11D3-BF4B-00C04F79EFBC}") = "_066_Func_params", "_066_Func_params\_066_Func_params.csproj", "{27D59699-47BA-4A15-AE42-BA742B2A54E1}"
EndProject
Project("{FAE04EC0-301F-11D3-BF4B-00C04F79EFBC}") = "_067_Check", "_067_Check\_067_Check.csproj", "{AA69DDA9-A12D-461A-8059-E015443797F3}"
EndProject
Project("{FAE04EC0-301F-11D3-BF4B-00C04F79EFBC}") = "CheckPoint02", "CheckPoint02\CheckPoint02.csproj", "{0F03BA21-4B51-4B6F-9564-E9E4244EBA95}"
EndProject
Project("{FAE04EC0-301F-11D3-BF4B-00C04F79EFBC}") = "_068_Array_Init", "_068_Array_Init\_068_Array_Init.csproj", "{F058B84B-2BCD-4861-A678-4A3A5FADC113}"
EndProject
Project("{FAE04EC0-301F-11D3-BF4B-00C04F79EFBC}") = "_069_Array_Init2", "_069_Array_Init2\_069_Array_Init2.csproj", "{CBB07467-69A4-4851-ABD0-B239B3FFC6C6}"
EndProject
Project("{FAE04EC0-301F-11D3-BF4B-00C04F79EFBC}") = "_070_Array_Multi", "_070_Array_Multi\_070_Array_Multi.csproj", "{99C5F5CF-F1FA-4AA0-8DCF-DFF6E03D3891}"
EndProject
Project("{FAE04EC0-301F-11D3-BF4B-00C04F79EFBC}") = "_071_Array_Flex", "_071_Array_Flex\_071_Array_Flex.csproj", "{8F5C8B20-0E01-487A-8FBC-A0A2F5296973}"
EndProject
Project("{FAE04EC0-301F-11D3-BF4B-00C04F79EFBC}") = "_072_Array_Func1", "_072_Array_Func1\_072_Array_Func1.csproj", "{77CF0483-77C0-442A-ADDC-8240D69F1281}"
EndProject
Project("{FAE04EC0-301F-11D3-BF4B-00C04F79EFBC}") = "_073_Array_Func2", "_073_Array_Func2\_073_Array_Func2.csproj", "{D16F8C74-55E2-4084-B08B-8DB92D1097E4}"
EndProject
Project("{FAE04EC0-301F-11D3-BF4B-00C04F79EFBC}") = "_074_Array_Clear", "_074_Array_Clear\_074_Array_Clear.csproj", "{B7589789-FC4E-49C9-A281-F4D2D28F7DCD}"
EndProject
Project("{FAE04EC0-301F-11D3-BF4B-00C04F79EFBC}") = "_075_Check", "_075_Check\_075_Check.csproj", "{9291F90C-6C51-4E0D-A9D7-5852FF7F29B8}"
EndProject
Project("{FAE04EC0-301F-11D3-BF4B-00C04F79EFBC}") = "_076_Check2", "_076_Check2\_076_Check2.csproj", "{0F2AACA2-C24A-4B5C-B263-9E430419D429}"
EndProject
Project("{FAE04EC0-301F-11D3-BF4B-00C04F79EFBC}") = "CheckPoint03", "CheckPoint03\CheckPoint03.csproj", "{FA9635B0-E732-4D08-91E6-0508162330BF}"
EndProject
Project("{FAE04EC0-301F-11D3-BF4B-00C04F79EFBC}") = "_077_Class", "_077_Class\_077_Class.csproj", "{0B7471D8-FA58-411B-B14C-54EEE9C0C884}"
EndProject
Project("{FAE04EC0-301F-11D3-BF4B-00C04F79EFBC}") = "_078_Class_Constructor", "_078_Class_Constructor\_078_Class_Constructor.csproj", "{C0AD8A92-3954-443D-ACBF-C677AF0DDA6B}"
EndProject
Project("{FAE04EC0-301F-11D3-BF4B-00C04F79EFBC}") = "_079_Class_this", "_079_Class_this\_079_Class_this.csproj", "{27CA05EF-51F1-4E7F-ADE1-48D9793707C4}"
EndProject
Project("{FAE04EC0-301F-11D3-BF4B-00C04F79EFBC}") = "_080_Class_static", "_080_Class_static\_080_Class_static.csproj", "{D9DBDCD2-1F25-4E81-A5CF-F959B8EDC38B}"
EndProject
Project("{FAE04EC0-301F-11D3-BF4B-00C04F79EFBC}") = "_081_Class_parameter", "_081_Class_parameter\_081_Class_parameter.csproj", "{EE3E3288-8B15-4B71-BFDB-A1BF8850BFAB}"
EndProject
Project("{FAE04EC0-301F-11D3-BF4B-00C04F79EFBC}") = "_082_Class_inheritance", "_082_Class_inheritance\_082_Class_inheritance.csproj", "{BA19519C-46F1-485D-B562-8832307C295C}"
EndProject
Project("{FAE04EC0-301F-11D3-BF4B-00C04F79EFBC}") = "_082_Class_inheritance2", "_083_Class_inheritance\_082_Class_inheritance2.csproj", "{41B189B8-7EFA-4861-BE9D-4E67561CF0E6}"
EndProject
Project("{FAE04EC0-301F-11D3-BF4B-00C04F79EFBC}") = "_082_Class_base", "_082_Class_base\_082_Class_base.csproj", "{ABACD8B6-98D3-4DF8-A138-17C0F2F9BE31}"
EndProject
Project("{FAE04EC0-301F-11D3-BF4B-00C04F79EFBC}") = "_083_isas", "_083_isas\_083_isas.csproj", "{32FAD843-86C1-43C1-8311-19D1F635B75E}"
EndProject
Project("{FAE04EC0-301F-11D3-BF4B-00C04F79EFBC}") = "_084_override", "_084_override\_084_override.csproj", "{39E9798C-4192-4E4D-92C9-BE12C3580584}"
EndProject
Project("{FAE04EC0-301F-11D3-BF4B-00C04F79EFBC}") = "_084_override2", "_084_override2\_084_override2.csproj", "{1D396403-4100-4F7D-BBC5-40A8B5C37BBB}"
EndProject
Project("{FAE04EC0-301F-11D3-BF4B-00C04F79EFBC}") = "_085_class_has_a", "_085_class_has_a\_085_class_has_a.csproj", "{7D3CB19B-BB09-4DB8-BA20-3587D287AA31}"
EndProject
Project("{FAE04EC0-301F-11D3-BF4B-00C04F79EFBC}") = "_086_class_partial", "_086_class_partial\_086_class_partial.csproj", "{5255ACCA-69CB-45EC-A344-CCC9171944CD}"
EndProject
Project("{FAE04EC0-301F-11D3-BF4B-00C04F79EFBC}") = "_087_class_extension", "_087_class_extension\_087_class_extension.csproj", "{E821F784-2D7A-496C-ACD2-AEF62310E223}"
EndProject
Project("{FAE04EC0-301F-11D3-BF4B-00C04F79EFBC}") = "_088_struct", "_088_struct\_088_struct.csproj", "{3AAF57F5-D4FF-45BE-A86D-FA6BFF800D40}"
EndProject
Project("{FAE04EC0-301F-11D3-BF4B-00C04F79EFBC}") = "_089_interface", "_089_interface\_089_interface.csproj", "{ACC133B0-432B-413B-A491-2382EED19661}"
EndProject
Project("{FAE04EC0-301F-11D3-BF4B-00C04F79EFBC}") = "_090_abstract", "_090_abstract\_090_abstract.csproj", "{A261DC4A-9838-4D4B-A79C-9EC27FFFCE5F}"
EndProject
Project("{FAE04EC0-301F-11D3-BF4B-00C04F79EFBC}") = "_091_Property", "_091_Property\_091_Property.csproj", "{997E7A24-17DC-4105-A218-4069F1CF9193}"
EndProject
Project("{FAE04EC0-301F-11D3-BF4B-00C04F79EFBC}") = "_092_Property2", "_092_Property2\_092_Property2.csproj", "{06E9828D-DFE2-46F8-83BA-AA4564039DA2}"
EndProject
Project("{FAE04EC0-301F-11D3-BF4B-00C04F79EFBC}") = "_093_Check", "_093_Check\_093_Check.csproj", "{0A3B4743-A58A-4904-A4E0-A5C70A5C6E87}"
EndProject
Project("{FAE04EC0-301F-11D3-BF4B-00C04F79EFBC}") = "_094_Check", "_094_Check\_094_Check.csproj", "{1518F182-D681-4885-BEBE-DA43298A8E6B}"
EndProject
Project("{FAE04EC0-301F-11D3-BF4B-00C04F79EFBC}") = "CheckPoint04", "CheckPoint04\CheckPoint04.csproj", "{1B17DAC0-E02D-4A3B-8CD6-F7340533BE9B}"
EndProject
Project("{FAE04EC0-301F-11D3-BF4B-00C04F79EFBC}") = "_095_ArrayList", "_095_ArrayList\_095_ArrayList.csproj", "{98FCEFCA-24F0-4788-88F9-3BF22855A901}"
EndProject
Project("{FAE04EC0-301F-11D3-BF4B-00C04F79EFBC}") = "_096_Queue", "_096_Queue\_096_Queue.csproj", "{0BED6E9E-1ECA-4798-993F-AA7DC1226468}"
EndProject
Global
	GlobalSection(SolutionConfigurationPlatforms) = preSolution
		Debug|anycpu = Debug|anycpu
		Release|anycpu = Release|anycpu
	EndGlobalSection
	GlobalSection(ProjectConfigurationPlatforms) = postSolution
		{BD48781C-21A0-43A9-B9D1-9DC70C7E996F}.Debug|anycpu.ActiveCfg = Debug|anycpu
		{BD48781C-21A0-43A9-B9D1-9DC70C7E996F}.Debug|anycpu.Build.0 = Debug|anycpu
		{BD48781C-21A0-43A9-B9D1-9DC70C7E996F}.Release|anycpu.ActiveCfg = Release|anycpu
		{BD48781C-21A0-43A9-B9D1-9DC70C7E996F}.Release|anycpu.Build.0 = Release|anycpu
		{2DF57BA4-45B8-4FC0-9B70-CA1292917633}.Debug|anycpu.ActiveCfg = Debug|anycpu
		{2DF57BA4-45B8-4FC0-9B70-CA1292917633}.Debug|anycpu.Build.0 = Debug|anycpu
		{2DF57BA4-45B8-4FC0-9B70-CA1292917633}.Release|anycpu.ActiveCfg = Release|anycpu
		{2DF57BA4-45B8-4FC0-9B70-CA1292917633}.Release|anycpu.Build.0 = Release|anycpu
		{17D08406-413D-4718-A51A-F9B8730CA22A}.Debug|anycpu.ActiveCfg = Debug|anycpu
		{17D08406-413D-4718-A51A-F9B8730CA22A}.Debug|anycpu.Build.0 = Debug|anycpu
		{17D08406-413D-4718-A51A-F9B8730CA22A}.Release|anycpu.ActiveCfg = Release|anycpu
		{17D08406-413D-4718-A51A-F9B8730CA22A}.Release|anycpu.Build.0 = Release|anycpu
		{FC6BF72A-EFB0-442E-AFA5-5B6921A618D1}.Debug|anycpu.ActiveCfg = Debug|anycpu
		{FC6BF72A-EFB0-442E-AFA5-5B6921A618D1}.Debug|anycpu.Build.0 = Debug|anycpu
		{FC6BF72A-EFB0-442E-AFA5-5B6921A618D1}.Release|anycpu.ActiveCfg = Release|anycpu
		{FC6BF72A-EFB0-442E-AFA5-5B6921A618D1}.Release|anycpu.Build.0 = Release|anycpu
		{6F2ADBCD-AE6B-4667-8954-FCC2A294814C}.Debug|anycpu.ActiveCfg = Debug|anycpu
		{6F2ADBCD-AE6B-4667-8954-FCC2A294814C}.Debug|anycpu.Build.0 = Debug|anycpu
		{6F2ADBCD-AE6B-4667-8954-FCC2A294814C}.Release|anycpu.ActiveCfg = Release|anycpu
		{6F2ADBCD-AE6B-4667-8954-FCC2A294814C}.Release|anycpu.Build.0 = Release|anycpu
		{A1037B91-BD2B-4A7C-895B-F7D98414E3B6}.Debug|anycpu.ActiveCfg = Debug|anycpu
		{A1037B91-BD2B-4A7C-895B-F7D98414E3B6}.Debug|anycpu.Build.0 = Debug|anycpu
		{A1037B91-BD2B-4A7C-895B-F7D98414E3B6}.Release|anycpu.ActiveCfg = Release|anycpu
		{A1037B91-BD2B-4A7C-895B-F7D98414E3B6}.Release|anycpu.Build.0 = Release|anycpu
		{33996FA1-6A53-46B1-899E-9DE07800612B}.Debug|anycpu.ActiveCfg = Debug|anycpu
		{33996FA1-6A53-46B1-899E-9DE07800612B}.Debug|anycpu.Build.0 = Debug|anycpu
		{33996FA1-6A53-46B1-899E-9DE07800612B}.Release|anycpu.ActiveCfg = Release|anycpu
		{33996FA1-6A53-46B1-899E-9DE07800612B}.Release|anycpu.Build.0 = Release|anycpu
		{07AA0A45-C7EE-4BC3-837A-E13C6AD919E8}.Debug|anycpu.ActiveCfg = Debug|anycpu
		{07AA0A45-C7EE-4BC3-837A-E13C6AD919E8}.Debug|anycpu.Build.0 = Debug|anycpu
		{07AA0A45-C7EE-4BC3-837A-E13C6AD919E8}.Release|anycpu.ActiveCfg = Release|anycpu
		{07AA0A45-C7EE-4BC3-837A-E13C6AD919E8}.Release|anycpu.Build.0 = Release|anycpu
		{1D5E4BEA-EBA4-45DE-AFFC-EB1DA008540B}.Debug|anycpu.ActiveCfg = Debug|anycpu
		{1D5E4BEA-EBA4-45DE-AFFC-EB1DA008540B}.Debug|anycpu.Build.0 = Debug|anycpu
		{1D5E4BEA-EBA4-45DE-AFFC-EB1DA008540B}.Release|anycpu.ActiveCfg = Release|anycpu
		{1D5E4BEA-EBA4-45DE-AFFC-EB1DA008540B}.Release|anycpu.Build.0 = Release|anycpu
		{90A6DE2E-83DE-41C0-8D0E-D1EB7D7A76A3}.Debug|anycpu.ActiveCfg = Debug|anycpu
		{90A6DE2E-83DE-41C0-8D0E-D1EB7D7A76A3}.Debug|anycpu.Build.0 = Debug|anycpu
		{90A6DE2E-83DE-41C0-8D0E-D1EB7D7A76A3}.Release|anycpu.ActiveCfg = Release|anycpu
		{90A6DE2E-83DE-41C0-8D0E-D1EB7D7A76A3}.Release|anycpu.Build.0 = Release|anycpu
		{F7E4D704-E0BE-46B0-B151-C5DCD82BCC6C}.Debug|anycpu.ActiveCfg = Debug|anycpu
		{F7E4D704-E0BE-46B0-B151-C5DCD82BCC6C}.Debug|anycpu.Build.0 = Debug|anycpu
		{F7E4D704-E0BE-46B0-B151-C5DCD82BCC6C}.Release|anycpu.ActiveCfg = Release|anycpu
		{F7E4D704-E0BE-46B0-B151-C5DCD82BCC6C}.Release|anycpu.Build.0 = Release|anycpu
		{989159E6-9570-49AB-B161-7A70EAE06A08}.Debug|anycpu.ActiveCfg = Debug|anycpu
		{989159E6-9570-49AB-B161-7A70EAE06A08}.Debug|anycpu.Build.0 = Debug|anycpu
		{989159E6-9570-49AB-B161-7A70EAE06A08}.Release|anycpu.ActiveCfg = Release|anycpu
		{989159E6-9570-49AB-B161-7A70EAE06A08}.Release|anycpu.Build.0 = Release|anycpu
		{7CD72C52-2E5E-40FD-B8BE-834167D23353}.Debug|anycpu.ActiveCfg = Debug|anycpu
		{7CD72C52-2E5E-40FD-B8BE-834167D23353}.Debug|anycpu.Build.0 = Debug|anycpu
		{7CD72C52-2E5E-40FD-B8BE-834167D23353}.Release|anycpu.ActiveCfg = Release|anycpu
		{7CD72C52-2E5E-40FD-B8BE-834167D23353}.Release|anycpu.Build.0 = Release|anycpu
		{8E3DE24E-CBEF-4C0A-9936-62255C86C3FC}.Debug|anycpu.ActiveCfg = Debug|anycpu
		{8E3DE24E-CBEF-4C0A-9936-62255C86C3FC}.Debug|anycpu.Build.0 = Debug|anycpu
		{8E3DE24E-CBEF-4C0A-9936-62255C86C3FC}.Release|anycpu.ActiveCfg = Release|anycpu
		{8E3DE24E-CBEF-4C0A-9936-62255C86C3FC}.Release|anycpu.Build.0 = Release|anycpu
		{AD570054-224E-4DBF-B082-6BF3647FF700}.Debug|anycpu.ActiveCfg = Debug|anycpu
		{AD570054-224E-4DBF-B082-6BF3647FF700}.Debug|anycpu.Build.0 = Debug|anycpu
		{AD570054-224E-4DBF-B082-6BF3647FF700}.Release|anycpu.ActiveCfg = Release|anycpu
		{AD570054-224E-4DBF-B082-6BF3647FF700}.Release|anycpu.Build.0 = Release|anycpu
		{3B7BA7F0-F0A1-49D6-87E3-A50DAE30703A}.Debug|anycpu.ActiveCfg = Debug|anycpu
		{3B7BA7F0-F0A1-49D6-87E3-A50DAE30703A}.Debug|anycpu.Build.0 = Debug|anycpu
		{3B7BA7F0-F0A1-49D6-87E3-A50DAE30703A}.Release|anycpu.ActiveCfg = Release|anycpu
		{3B7BA7F0-F0A1-49D6-87E3-A50DAE30703A}.Release|anycpu.Build.0 = Release|anycpu
		{8B6F7444-8C26-45A3-BB98-A8F176F2B984}.Debug|anycpu.ActiveCfg = Debug|anycpu
		{8B6F7444-8C26-45A3-BB98-A8F176F2B984}.Debug|anycpu.Build.0 = Debug|anycpu
		{8B6F7444-8C26-45A3-BB98-A8F176F2B984}.Release|anycpu.ActiveCfg = Release|anycpu
		{8B6F7444-8C26-45A3-BB98-A8F176F2B984}.Release|anycpu.Build.0 = Release|anycpu
		{3F66A48A-BA21-4342-8B53-A2280CCBDF3F}.Debug|anycpu.ActiveCfg = Debug|anycpu
		{3F66A48A-BA21-4342-8B53-A2280CCBDF3F}.Debug|anycpu.Build.0 = Debug|anycpu
		{3F66A48A-BA21-4342-8B53-A2280CCBDF3F}.Release|anycpu.ActiveCfg = Release|anycpu
		{3F66A48A-BA21-4342-8B53-A2280CCBDF3F}.Release|anycpu.Build.0 = Release|anycpu
		{E41E0204-D9D2-4183-829A-990D20C6E924}.Debug|anycpu.ActiveCfg = Debug|anycpu
		{E41E0204-D9D2-4183-829A-990D20C6E924}.Debug|anycpu.Build.0 = Debug|anycpu
		{E41E0204-D9D2-4183-829A-990D20C6E924}.Release|anycpu.ActiveCfg = Release|anycpu
		{E41E0204-D9D2-4183-829A-990D20C6E924}.Release|anycpu.Build.0 = Release|anycpu
		{D4306E09-29C0-433C-BF29-FAFD5BAA3640}.Debug|anycpu.ActiveCfg = Debug|anycpu
		{D4306E09-29C0-433C-BF29-FAFD5BAA3640}.Debug|anycpu.Build.0 = Debug|anycpu
		{D4306E09-29C0-433C-BF29-FAFD5BAA3640}.Release|anycpu.ActiveCfg = Release|anycpu
		{D4306E09-29C0-433C-BF29-FAFD5BAA3640}.Release|anycpu.Build.0 = Release|anycpu
		{E832B966-69DE-49A2-8323-F46B18453EA7}.Debug|anycpu.ActiveCfg = Debug|anycpu
		{E832B966-69DE-49A2-8323-F46B18453EA7}.Debug|anycpu.Build.0 = Debug|anycpu
		{E832B966-69DE-49A2-8323-F46B18453EA7}.Release|anycpu.ActiveCfg = Release|anycpu
		{E832B966-69DE-49A2-8323-F46B18453EA7}.Release|anycpu.Build.0 = Release|anycpu
		{A7702666-7D2B-4C66-84E6-9F91E80F882B}.Debug|anycpu.ActiveCfg = Debug|anycpu
		{A7702666-7D2B-4C66-84E6-9F91E80F882B}.Debug|anycpu.Build.0 = Debug|anycpu
		{A7702666-7D2B-4C66-84E6-9F91E80F882B}.Release|anycpu.ActiveCfg = Release|anycpu
		{A7702666-7D2B-4C66-84E6-9F91E80F882B}.Release|anycpu.Build.0 = Release|anycpu
		{7A6B0EDD-3FAA-448E-8D3D-B7DDB3AF5377}.Debug|anycpu.ActiveCfg = Debug|anycpu
		{7A6B0EDD-3FAA-448E-8D3D-B7DDB3AF5377}.Debug|anycpu.Build.0 = Debug|anycpu
		{7A6B0EDD-3FAA-448E-8D3D-B7DDB3AF5377}.Release|anycpu.ActiveCfg = Release|anycpu
		{7A6B0EDD-3FAA-448E-8D3D-B7DDB3AF5377}.Release|anycpu.Build.0 = Release|anycpu
		{1F065B12-32C2-4A49-A130-D21DB7A3801B}.Debug|anycpu.ActiveCfg = Debug|anycpu
		{1F065B12-32C2-4A49-A130-D21DB7A3801B}.Debug|anycpu.Build.0 = Debug|anycpu
		{1F065B12-32C2-4A49-A130-D21DB7A3801B}.Release|anycpu.ActiveCfg = Release|anycpu
		{1F065B12-32C2-4A49-A130-D21DB7A3801B}.Release|anycpu.Build.0 = Release|anycpu
		{5EAC2E62-A524-4A07-B8F5-6748202B49A2}.Debug|anycpu.ActiveCfg = Debug|anycpu
		{5EAC2E62-A524-4A07-B8F5-6748202B49A2}.Debug|anycpu.Build.0 = Debug|anycpu
		{5EAC2E62-A524-4A07-B8F5-6748202B49A2}.Release|anycpu.ActiveCfg = Release|anycpu
		{5EAC2E62-A524-4A07-B8F5-6748202B49A2}.Release|anycpu.Build.0 = Release|anycpu
		{EFAD8B30-8703-48F1-85D3-28BACBBBEC47}.Debug|anycpu.ActiveCfg = Debug|anycpu
		{EFAD8B30-8703-48F1-85D3-28BACBBBEC47}.Debug|anycpu.Build.0 = Debug|anycpu
		{EFAD8B30-8703-48F1-85D3-28BACBBBEC47}.Release|anycpu.ActiveCfg = Release|anycpu
		{EFAD8B30-8703-48F1-85D3-28BACBBBEC47}.Release|anycpu.Build.0 = Release|anycpu
		{A66385FE-0C59-4389-A4A5-C65E273DF4D7}.Debug|anycpu.ActiveCfg = Debug|anycpu
		{A66385FE-0C59-4389-A4A5-C65E273DF4D7}.Debug|anycpu.Build.0 = Debug|anycpu
		{A66385FE-0C59-4389-A4A5-C65E273DF4D7}.Release|anycpu.ActiveCfg = Release|anycpu
		{A66385FE-0C59-4389-A4A5-C65E273DF4D7}.Release|anycpu.Build.0 = Release|anycpu
		{98A8B056-FF78-419E-AB19-9D96568338E9}.Debug|anycpu.ActiveCfg = Debug|anycpu
		{98A8B056-FF78-419E-AB19-9D96568338E9}.Debug|anycpu.Build.0 = Debug|anycpu
		{98A8B056-FF78-419E-AB19-9D96568338E9}.Release|anycpu.ActiveCfg = Release|anycpu
		{98A8B056-FF78-419E-AB19-9D96568338E9}.Release|anycpu.Build.0 = Release|anycpu
		{DEA7C1DC-FAC1-43BF-858F-A3E9A353B8FA}.Debug|anycpu.ActiveCfg = Debug|anycpu
		{DEA7C1DC-FAC1-43BF-858F-A3E9A353B8FA}.Debug|anycpu.Build.0 = Debug|anycpu
		{DEA7C1DC-FAC1-43BF-858F-A3E9A353B8FA}.Release|anycpu.ActiveCfg = Release|anycpu
		{DEA7C1DC-FAC1-43BF-858F-A3E9A353B8FA}.Release|anycpu.Build.0 = Release|anycpu
		{7DB9C766-CD88-40F8-B7EE-B0F65730CAAE}.Debug|anycpu.ActiveCfg = Debug|anycpu
		{7DB9C766-CD88-40F8-B7EE-B0F65730CAAE}.Debug|anycpu.Build.0 = Debug|anycpu
		{7DB9C766-CD88-40F8-B7EE-B0F65730CAAE}.Release|anycpu.ActiveCfg = Release|anycpu
		{7DB9C766-CD88-40F8-B7EE-B0F65730CAAE}.Release|anycpu.Build.0 = Release|anycpu
		{598E9098-2471-4D1A-A708-4C306C024091}.Debug|anycpu.ActiveCfg = Debug|anycpu
		{598E9098-2471-4D1A-A708-4C306C024091}.Debug|anycpu.Build.0 = Debug|anycpu
		{598E9098-2471-4D1A-A708-4C306C024091}.Release|anycpu.ActiveCfg = Release|anycpu
		{598E9098-2471-4D1A-A708-4C306C024091}.Release|anycpu.Build.0 = Release|anycpu
		{28AEE589-886D-45FF-9FE9-FB58D2516560}.Debug|anycpu.ActiveCfg = Debug|anycpu
		{28AEE589-886D-45FF-9FE9-FB58D2516560}.Debug|anycpu.Build.0 = Debug|anycpu
		{28AEE589-886D-45FF-9FE9-FB58D2516560}.Release|anycpu.ActiveCfg = Release|anycpu
		{28AEE589-886D-45FF-9FE9-FB58D2516560}.Release|anycpu.Build.0 = Release|anycpu
		{00E56D76-DFD9-4A53-A9DF-1181909D6605}.Debug|anycpu.ActiveCfg = Debug|anycpu
		{00E56D76-DFD9-4A53-A9DF-1181909D6605}.Debug|anycpu.Build.0 = Debug|anycpu
		{00E56D76-DFD9-4A53-A9DF-1181909D6605}.Release|anycpu.ActiveCfg = Release|anycpu
		{00E56D76-DFD9-4A53-A9DF-1181909D6605}.Release|anycpu.Build.0 = Release|anycpu
		{27D59699-47BA-4A15-AE42-BA742B2A54E1}.Debug|anycpu.ActiveCfg = Debug|anycpu
		{27D59699-47BA-4A15-AE42-BA742B2A54E1}.Debug|anycpu.Build.0 = Debug|anycpu
		{27D59699-47BA-4A15-AE42-BA742B2A54E1}.Release|anycpu.ActiveCfg = Release|anycpu
		{27D59699-47BA-4A15-AE42-BA742B2A54E1}.Release|anycpu.Build.0 = Release|anycpu
		{AA69DDA9-A12D-461A-8059-E015443797F3}.Debug|anycpu.ActiveCfg = Debug|anycpu
		{AA69DDA9-A12D-461A-8059-E015443797F3}.Debug|anycpu.Build.0 = Debug|anycpu
		{AA69DDA9-A12D-461A-8059-E015443797F3}.Release|anycpu.ActiveCfg = Release|anycpu
		{AA69DDA9-A12D-461A-8059-E015443797F3}.Release|anycpu.Build.0 = Release|anycpu
		{0F03BA21-4B51-4B6F-9564-E9E4244EBA95}.Debug|anycpu.ActiveCfg = Debug|anycpu
		{0F03BA21-4B51-4B6F-9564-E9E4244EBA95}.Debug|anycpu.Build.0 = Debug|anycpu
		{0F03BA21-4B51-4B6F-9564-E9E4244EBA95}.Release|anycpu.ActiveCfg = Release|anycpu
		{0F03BA21-4B51-4B6F-9564-E9E4244EBA95}.Release|anycpu.Build.0 = Release|anycpu
		{F058B84B-2BCD-4861-A678-4A3A5FADC113}.Debug|anycpu.ActiveCfg = Debug|anycpu
		{F058B84B-2BCD-4861-A678-4A3A5FADC113}.Debug|anycpu.Build.0 = Debug|anycpu
		{F058B84B-2BCD-4861-A678-4A3A5FADC113}.Release|anycpu.ActiveCfg = Release|anycpu
		{F058B84B-2BCD-4861-A678-4A3A5FADC113}.Release|anycpu.Build.0 = Release|anycpu
		{CBB07467-69A4-4851-ABD0-B239B3FFC6C6}.Debug|anycpu.ActiveCfg = Debug|anycpu
		{CBB07467-69A4-4851-ABD0-B239B3FFC6C6}.Debug|anycpu.Build.0 = Debug|anycpu
		{CBB07467-69A4-4851-ABD0-B239B3FFC6C6}.Release|anycpu.ActiveCfg = Release|anycpu
		{CBB07467-69A4-4851-ABD0-B239B3FFC6C6}.Release|anycpu.Build.0 = Release|anycpu
		{99C5F5CF-F1FA-4AA0-8DCF-DFF6E03D3891}.Debug|anycpu.ActiveCfg = Debug|anycpu
		{99C5F5CF-F1FA-4AA0-8DCF-DFF6E03D3891}.Debug|anycpu.Build.0 = Debug|anycpu
		{99C5F5CF-F1FA-4AA0-8DCF-DFF6E03D3891}.Release|anycpu.ActiveCfg = Release|anycpu
		{99C5F5CF-F1FA-4AA0-8DCF-DFF6E03D3891}.Release|anycpu.Build.0 = Release|anycpu
		{8F5C8B20-0E01-487A-8FBC-A0A2F5296973}.Debug|anycpu.ActiveCfg = Debug|anycpu
		{8F5C8B20-0E01-487A-8FBC-A0A2F5296973}.Debug|anycpu.Build.0 = Debug|anycpu
		{8F5C8B20-0E01-487A-8FBC-A0A2F5296973}.Release|anycpu.ActiveCfg = Release|anycpu
		{8F5C8B20-0E01-487A-8FBC-A0A2F5296973}.Release|anycpu.Build.0 = Release|anycpu
		{77CF0483-77C0-442A-ADDC-8240D69F1281}.Debug|anycpu.ActiveCfg = Debug|anycpu
		{77CF0483-77C0-442A-ADDC-8240D69F1281}.Debug|anycpu.Build.0 = Debug|anycpu
		{77CF0483-77C0-442A-ADDC-8240D69F1281}.Release|anycpu.ActiveCfg = Release|anycpu
		{77CF0483-77C0-442A-ADDC-8240D69F1281}.Release|anycpu.Build.0 = Release|anycpu
		{D16F8C74-55E2-4084-B08B-8DB92D1097E4}.Debug|anycpu.ActiveCfg = Debug|anycpu
		{D16F8C74-55E2-4084-B08B-8DB92D1097E4}.Debug|anycpu.Build.0 = Debug|anycpu
		{D16F8C74-55E2-4084-B08B-8DB92D1097E4}.Release|anycpu.ActiveCfg = Release|anycpu
		{D16F8C74-55E2-4084-B08B-8DB92D1097E4}.Release|anycpu.Build.0 = Release|anycpu
		{B7589789-FC4E-49C9-A281-F4D2D28F7DCD}.Debug|anycpu.ActiveCfg = Debug|anycpu
		{B7589789-FC4E-49C9-A281-F4D2D28F7DCD}.Debug|anycpu.Build.0 = Debug|anycpu
		{B7589789-FC4E-49C9-A281-F4D2D28F7DCD}.Release|anycpu.ActiveCfg = Release|anycpu
		{B7589789-FC4E-49C9-A281-F4D2D28F7DCD}.Release|anycpu.Build.0 = Release|anycpu
		{9291F90C-6C51-4E0D-A9D7-5852FF7F29B8}.Debug|anycpu.ActiveCfg = Debug|anycpu
		{9291F90C-6C51-4E0D-A9D7-5852FF7F29B8}.Debug|anycpu.Build.0 = Debug|anycpu
		{9291F90C-6C51-4E0D-A9D7-5852FF7F29B8}.Release|anycpu.ActiveCfg = Release|anycpu
		{9291F90C-6C51-4E0D-A9D7-5852FF7F29B8}.Release|anycpu.Build.0 = Release|anycpu
		{0F2AACA2-C24A-4B5C-B263-9E430419D429}.Debug|anycpu.ActiveCfg = Debug|anycpu
		{0F2AACA2-C24A-4B5C-B263-9E430419D429}.Debug|anycpu.Build.0 = Debug|anycpu
		{0F2AACA2-C24A-4B5C-B263-9E430419D429}.Release|anycpu.ActiveCfg = Release|anycpu
		{0F2AACA2-C24A-4B5C-B263-9E430419D429}.Release|anycpu.Build.0 = Release|anycpu
		{FA9635B0-E732-4D08-91E6-0508162330BF}.Debug|anycpu.ActiveCfg = Debug|anycpu
		{FA9635B0-E732-4D08-91E6-0508162330BF}.Debug|anycpu.Build.0 = Debug|anycpu
		{FA9635B0-E732-4D08-91E6-0508162330BF}.Release|anycpu.ActiveCfg = Release|anycpu
		{FA9635B0-E732-4D08-91E6-0508162330BF}.Release|anycpu.Build.0 = Release|anycpu
		{0B7471D8-FA58-411B-B14C-54EEE9C0C884}.Debug|anycpu.ActiveCfg = Debug|anycpu
		{0B7471D8-FA58-411B-B14C-54EEE9C0C884}.Debug|anycpu.Build.0 = Debug|anycpu
		{0B7471D8-FA58-411B-B14C-54EEE9C0C884}.Release|anycpu.ActiveCfg = Release|anycpu
		{0B7471D8-FA58-411B-B14C-54EEE9C0C884}.Release|anycpu.Build.0 = Release|anycpu
		{C0AD8A92-3954-443D-ACBF-C677AF0DDA6B}.Debug|anycpu.ActiveCfg = Debug|anycpu
		{C0AD8A92-3954-443D-ACBF-C677AF0DDA6B}.Debug|anycpu.Build.0 = Debug|anycpu
		{C0AD8A92-3954-443D-ACBF-C677AF0DDA6B}.Release|anycpu.ActiveCfg = Release|anycpu
		{C0AD8A92-3954-443D-ACBF-C677AF0DDA6B}.Release|anycpu.Build.0 = Release|anycpu
		{27CA05EF-51F1-4E7F-ADE1-48D9793707C4}.Debug|anycpu.ActiveCfg = Debug|anycpu
		{27CA05EF-51F1-4E7F-ADE1-48D9793707C4}.Debug|anycpu.Build.0 = Debug|anycpu
		{27CA05EF-51F1-4E7F-ADE1-48D9793707C4}.Release|anycpu.ActiveCfg = Release|anycpu
		{27CA05EF-51F1-4E7F-ADE1-48D9793707C4}.Release|anycpu.Build.0 = Release|anycpu
		{D9DBDCD2-1F25-4E81-A5CF-F959B8EDC38B}.Debug|anycpu.ActiveCfg = Debug|anycpu
		{D9DBDCD2-1F25-4E81-A5CF-F959B8EDC38B}.Debug|anycpu.Build.0 = Debug|anycpu
		{D9DBDCD2-1F25-4E81-A5CF-F959B8EDC38B}.Release|anycpu.ActiveCfg = Release|anycpu
		{D9DBDCD2-1F25-4E81-A5CF-F959B8EDC38B}.Release|anycpu.Build.0 = Release|anycpu
		{EE3E3288-8B15-4B71-BFDB-A1BF8850BFAB}.Debug|anycpu.ActiveCfg = Debug|anycpu
		{EE3E3288-8B15-4B71-BFDB-A1BF8850BFAB}.Debug|anycpu.Build.0 = Debug|anycpu
		{EE3E3288-8B15-4B71-BFDB-A1BF8850BFAB}.Release|anycpu.ActiveCfg = Release|anycpu
		{EE3E3288-8B15-4B71-BFDB-A1BF8850BFAB}.Release|anycpu.Build.0 = Release|anycpu
		{BA19519C-46F1-485D-B562-8832307C295C}.Debug|anycpu.ActiveCfg = Debug|anycpu
		{BA19519C-46F1-485D-B562-8832307C295C}.Debug|anycpu.Build.0 = Debug|anycpu
		{BA19519C-46F1-485D-B562-8832307C295C}.Release|anycpu.ActiveCfg = Release|anycpu
		{BA19519C-46F1-485D-B562-8832307C295C}.Release|anycpu.Build.0 = Release|anycpu
		{41B189B8-7EFA-4861-BE9D-4E67561CF0E6}.Debug|anycpu.ActiveCfg = Debug|anycpu
		{41B189B8-7EFA-4861-BE9D-4E67561CF0E6}.Debug|anycpu.Build.0 = Debug|anycpu
		{41B189B8-7EFA-4861-BE9D-4E67561CF0E6}.Release|anycpu.ActiveCfg = Release|anycpu
		{41B189B8-7EFA-4861-BE9D-4E67561CF0E6}.Release|anycpu.Build.0 = Release|anycpu
		{ABACD8B6-98D3-4DF8-A138-17C0F2F9BE31}.Debug|anycpu.ActiveCfg = Debug|anycpu
		{ABACD8B6-98D3-4DF8-A138-17C0F2F9BE31}.Debug|anycpu.Build.0 = Debug|anycpu
		{ABACD8B6-98D3-4DF8-A138-17C0F2F9BE31}.Release|anycpu.ActiveCfg = Release|anycpu
		{ABACD8B6-98D3-4DF8-A138-17C0F2F9BE31}.Release|anycpu.Build.0 = Release|anycpu
		{32FAD843-86C1-43C1-8311-19D1F635B75E}.Debug|anycpu.ActiveCfg = Debug|anycpu
		{32FAD843-86C1-43C1-8311-19D1F635B75E}.Debug|anycpu.Build.0 = Debug|anycpu
		{32FAD843-86C1-43C1-8311-19D1F635B75E}.Release|anycpu.ActiveCfg = Release|anycpu
		{32FAD843-86C1-43C1-8311-19D1F635B75E}.Release|anycpu.Build.0 = Release|anycpu
		{39E9798C-4192-4E4D-92C9-BE12C3580584}.Debug|anycpu.ActiveCfg = Debug|anycpu
		{39E9798C-4192-4E4D-92C9-BE12C3580584}.Debug|anycpu.Build.0 = Debug|anycpu
		{39E9798C-4192-4E4D-92C9-BE12C3580584}.Release|anycpu.ActiveCfg = Release|anycpu
		{39E9798C-4192-4E4D-92C9-BE12C3580584}.Release|anycpu.Build.0 = Release|anycpu
		{1D396403-4100-4F7D-BBC5-40A8B5C37BBB}.Debug|anycpu.ActiveCfg = Debug|anycpu
		{1D396403-4100-4F7D-BBC5-40A8B5C37BBB}.Debug|anycpu.Build.0 = Debug|anycpu
		{1D396403-4100-4F7D-BBC5-40A8B5C37BBB}.Release|anycpu.ActiveCfg = Release|anycpu
		{1D396403-4100-4F7D-BBC5-40A8B5C37BBB}.Release|anycpu.Build.0 = Release|anycpu
		{7D3CB19B-BB09-4DB8-BA20-3587D287AA31}.Debug|anycpu.ActiveCfg = Debug|anycpu
		{7D3CB19B-BB09-4DB8-BA20-3587D287AA31}.Debug|anycpu.Build.0 = Debug|anycpu
		{7D3CB19B-BB09-4DB8-BA20-3587D287AA31}.Release|anycpu.ActiveCfg = Release|anycpu
		{7D3CB19B-BB09-4DB8-BA20-3587D287AA31}.Release|anycpu.Build.0 = Release|anycpu
		{5255ACCA-69CB-45EC-A344-CCC9171944CD}.Debug|anycpu.ActiveCfg = Debug|anycpu
		{5255ACCA-69CB-45EC-A344-CCC9171944CD}.Debug|anycpu.Build.0 = Debug|anycpu
		{5255ACCA-69CB-45EC-A344-CCC9171944CD}.Release|anycpu.ActiveCfg = Release|anycpu
		{5255ACCA-69CB-45EC-A344-CCC9171944CD}.Release|anycpu.Build.0 = Release|anycpu
		{E821F784-2D7A-496C-ACD2-AEF62310E223}.Debug|anycpu.ActiveCfg = Debug|anycpu
		{E821F784-2D7A-496C-ACD2-AEF62310E223}.Debug|anycpu.Build.0 = Debug|anycpu
		{E821F784-2D7A-496C-ACD2-AEF62310E223}.Release|anycpu.ActiveCfg = Release|anycpu
		{E821F784-2D7A-496C-ACD2-AEF62310E223}.Release|anycpu.Build.0 = Release|anycpu
		{3AAF57F5-D4FF-45BE-A86D-FA6BFF800D40}.Debug|anycpu.ActiveCfg = Debug|anycpu
		{3AAF57F5-D4FF-45BE-A86D-FA6BFF800D40}.Debug|anycpu.Build.0 = Debug|anycpu
		{3AAF57F5-D4FF-45BE-A86D-FA6BFF800D40}.Release|anycpu.ActiveCfg = Release|anycpu
		{3AAF57F5-D4FF-45BE-A86D-FA6BFF800D40}.Release|anycpu.Build.0 = Release|anycpu
		{ACC133B0-432B-413B-A491-2382EED19661}.Debug|anycpu.ActiveCfg = Debug|anycpu
		{ACC133B0-432B-413B-A491-2382EED19661}.Debug|anycpu.Build.0 = Debug|anycpu
		{ACC133B0-432B-413B-A491-2382EED19661}.Release|anycpu.ActiveCfg = Release|anycpu
		{ACC133B0-432B-413B-A491-2382EED19661}.Release|anycpu.Build.0 = Release|anycpu
		{A261DC4A-9838-4D4B-A79C-9EC27FFFCE5F}.Debug|anycpu.ActiveCfg = Debug|anycpu
		{A261DC4A-9838-4D4B-A79C-9EC27FFFCE5F}.Debug|anycpu.Build.0 = Debug|anycpu
		{A261DC4A-9838-4D4B-A79C-9EC27FFFCE5F}.Release|anycpu.ActiveCfg = Release|anycpu
		{A261DC4A-9838-4D4B-A79C-9EC27FFFCE5F}.Release|anycpu.Build.0 = Release|anycpu
		{997E7A24-17DC-4105-A218-4069F1CF9193}.Debug|anycpu.ActiveCfg = Debug|anycpu
		{997E7A24-17DC-4105-A218-4069F1CF9193}.Debug|anycpu.Build.0 = Debug|anycpu
		{997E7A24-17DC-4105-A218-4069F1CF9193}.Release|anycpu.ActiveCfg = Release|anycpu
		{997E7A24-17DC-4105-A218-4069F1CF9193}.Release|anycpu.Build.0 = Release|anycpu
		{06E9828D-DFE2-46F8-83BA-AA4564039DA2}.Debug|anycpu.ActiveCfg = Debug|anycpu
		{06E9828D-DFE2-46F8-83BA-AA4564039DA2}.Debug|anycpu.Build.0 = Debug|anycpu
		{06E9828D-DFE2-46F8-83BA-AA4564039DA2}.Release|anycpu.ActiveCfg = Release|anycpu
		{06E9828D-DFE2-46F8-83BA-AA4564039DA2}.Release|anycpu.Build.0 = Release|anycpu
		{0A3B4743-A58A-4904-A4E0-A5C70A5C6E87}.Debug|anycpu.ActiveCfg = Debug|anycpu
		{0A3B4743-A58A-4904-A4E0-A5C70A5C6E87}.Debug|anycpu.Build.0 = Debug|anycpu
		{0A3B4743-A58A-4904-A4E0-A5C70A5C6E87}.Release|anycpu.ActiveCfg = Release|anycpu
		{0A3B4743-A58A-4904-A4E0-A5C70A5C6E87}.Release|anycpu.Build.0 = Release|anycpu
		{1518F182-D681-4885-BEBE-DA43298A8E6B}.Debug|anycpu.ActiveCfg = Debug|anycpu
		{1518F182-D681-4885-BEBE-DA43298A8E6B}.Debug|anycpu.Build.0 = Debug|anycpu
		{1518F182-D681-4885-BEBE-DA43298A8E6B}.Release|anycpu.ActiveCfg = Release|anycpu
		{1518F182-D681-4885-BEBE-DA43298A8E6B}.Release|anycpu.Build.0 = Release|anycpu
		{1B17DAC0-E02D-4A3B-8CD6-F7340533BE9B}.Debug|anycpu.ActiveCfg = Debug|anycpu
		{1B17DAC0-E02D-4A3B-8CD6-F7340533BE9B}.Debug|anycpu.Build.0 = Debug|anycpu
		{1B17DAC0-E02D-4A3B-8CD6-F7340533BE9B}.Release|anycpu.ActiveCfg = Release|anycpu
		{1B17DAC0-E02D-4A3B-8CD6-F7340533BE9B}.Release|anycpu.Build.0 = Release|anycpu
		{98FCEFCA-24F0-4788-88F9-3BF22855A901}.Debug|anycpu.ActiveCfg = Debug|anycpu
		{98FCEFCA-24F0-4788-88F9-3BF22855A901}.Debug|anycpu.Build.0 = Debug|anycpu
		{98FCEFCA-24F0-4788-88F9-3BF22855A901}.Release|anycpu.ActiveCfg = Release|anycpu
		{98FCEFCA-24F0-4788-88F9-3BF22855A901}.Release|anycpu.Build.0 = Release|anycpu
		{0BED6E9E-1ECA-4798-993F-AA7DC1226468}.Debug|anycpu.ActiveCfg = Debug|anycpu
		{0BED6E9E-1ECA-4798-993F-AA7DC1226468}.Debug|anycpu.Build.0 = Debug|anycpu
		{0BED6E9E-1ECA-4798-993F-AA7DC1226468}.Release|anycpu.ActiveCfg = Release|anycpu
		{0BED6E9E-1ECA-4798-993F-AA7DC1226468}.Release|anycpu.Build.0 = Release|anycpu
	EndGlobalSection
	GlobalSection(SolutionProperties) = preSolution
		HideSolutionNode = FALSE
	EndGlobalSection
	GlobalSection(ExtensibilityGlobals) = postSolution
		SolutionGuid = {0197918A-BED5-4490-BC90-BD3EBEF63DF9}
	EndGlobalSection
EndGlobal
